
Microsoft Visual Studio Solution File, Format Version 12.00
# Visual Studio Version 16
VisualStudioVersion = 16.0.30611.23
MinimumVisualStudioVersion = 15.0.26124.0
Project("{FAE04EC0-301F-11D3-BF4B-00C04F79EFBC}") = "LogistikaKR.Objects", "Objects/LogistikaKR.Objects.csproj", "a28a23f9-8c5c-4353-a334-fcb7074fb554"
EndProject
Project("{FAE04EC0-301F-11D3-BF4B-00C04F79EFBC}") = "LogistikaKR.Tests", "Tests/LogistikaKR.Tests.csproj", "fd6bd31e-846a-4e65-adde-cdbd4efd4db5"
EndProject
Project("{FAE04EC0-301F-11D3-BF4B-00C04F79EFBC}") = "LogistikaKR.ODataBackend", "ODataBackend/LogistikaKR.ODataBackend.csproj", "88d9cb36-6ad5-44b9-aa8a-56309774ac13"
EndProject
Project("{FAE04EC0-301F-11D3-BF4B-00C04F79EFBC}") = "LogistikaKR.IntegrationTests", "IntegrationTests/LogistikaKR.IntegrationTests.csproj", "a078f9bd-555e-4cf2-a673-931b5616f990"
EndProject
Global
	GlobalSection(SolutionConfigurationPlatforms) = preSolution
Debug|Any CPU = Debug|Any CPU
Release|Any CPU = Release|Any CPU
	EndGlobalSection
	GlobalSection(ProjectConfigurationPlatforms) = postSolution
		a28a23f9-8c5c-4353-a334-fcb7074fb554.Debug|Any CPU.ActiveCfg = Debug|Any CPU
		a28a23f9-8c5c-4353-a334-fcb7074fb554.Debug|Any CPU.Build.0 = Debug|Any CPU
		a28a23f9-8c5c-4353-a334-fcb7074fb554.Release|Any CPU.ActiveCfg = Release|Any CPU
		a28a23f9-8c5c-4353-a334-fcb7074fb554.Release|Any CPU.Build.0 = Release|Any CPU
		fd6bd31e-846a-4e65-adde-cdbd4efd4db5.Debug|Any CPU.ActiveCfg = Debug|Any CPU
		fd6bd31e-846a-4e65-adde-cdbd4efd4db5.Debug|Any CPU.Build.0 = Debug|Any CPU
		fd6bd31e-846a-4e65-adde-cdbd4efd4db5.Release|Any CPU.ActiveCfg = Release|Any CPU
		fd6bd31e-846a-4e65-adde-cdbd4efd4db5.Release|Any CPU.Build.0 = Release|Any CPU
		88d9cb36-6ad5-44b9-aa8a-56309774ac13.Debug|Any CPU.ActiveCfg = Debug|Any CPU
		88d9cb36-6ad5-44b9-aa8a-56309774ac13.Debug|Any CPU.Build.0 = Debug|Any CPU
		88d9cb36-6ad5-44b9-aa8a-56309774ac13.Release|Any CPU.ActiveCfg = Release|Any CPU
		88d9cb36-6ad5-44b9-aa8a-56309774ac13.Release|Any CPU.Build.0 = Release|Any CPU
		a078f9bd-555e-4cf2-a673-931b5616f990.Debug|Any CPU.ActiveCfg = Debug|Any CPU
		a078f9bd-555e-4cf2-a673-931b5616f990.Debug|Any CPU.Build.0 = Debug|Any CPU
		a078f9bd-555e-4cf2-a673-931b5616f990.Release|Any CPU.ActiveCfg = Release|Any CPU
		a078f9bd-555e-4cf2-a673-931b5616f990.Release|Any CPU.Build.0 = Release|Any CPU
	EndGlobalSection
	GlobalSection(SolutionProperties) = preSolution
		HideSolutionNode = FALSE
	EndGlobalSection
EndGlobal
